{
  "name": "test",
  "lockfileVersion": 2,
  "requires": true,
  "packages": {
    "": {
      "dependencies": {
        "pareto-runtime": "^0.25.0",
        "pareto-test-lib": "^0.21.0"
      }
    },
    "node_modules/pareto-api-core": {
      "version": "0.1.0",
      "resolved": "https://registry.npmjs.org/pareto-api-core/-/pareto-api-core-0.1.0.tgz",
      "integrity": "sha512-n62sy/20fJxEbHwWmrM7uMQiWETS/mIKqcJfxxA2EzxRIhvmsOFDJr4eaB3L4WgDsi9j9AVVddYCqolmpvjEBQ=="
    },
    "node_modules/pareto-async-functions-api": {
      "version": "0.9.0",
      "resolved": "https://registry.npmjs.org/pareto-async-functions-api/-/pareto-async-functions-api-0.9.0.tgz",
      "integrity": "sha512-5GF7qYH4IbsBGp/y0N7TI/85NNuave5z0kLMCCa9S6bWpEJszSzAxdbY45C/Rf2OkOH4lk3H7R0b9Xl7EJZD1Q==",
      "dependencies": {
        "pareto-api-core": "^0.1.0"
      }
    },
    "node_modules/pareto-diff-api": {
      "version": "0.1.0",
      "resolved": "https://registry.npmjs.org/pareto-diff-api/-/pareto-diff-api-0.1.0.tgz",
      "integrity": "sha512-yfJb2jptWsskEDCvTa8gXXydko+VPOXLG3/9mGUs2tmVcc81ncbs/eMLmsUDDYz1fQJSbn254gXWMtwUSupg1w=="
    },
    "node_modules/pareto-filesystem-api": {
      "version": "0.15.0",
      "resolved": "https://registry.npmjs.org/pareto-filesystem-api/-/pareto-filesystem-api-0.15.0.tgz",
      "integrity": "sha512-g/kNfeMvVdunG0C+t/YqOEb7UrrKQu0BtgUUe7CE190tvgi1mLIdM5AEVqK3Acwil2rhol6gQOUqPCqtHlCbUg==",
      "dependencies": {
        "pareto-handledfilesystem-api": "^0.8.0"
      }
    },
    "node_modules/pareto-handledfilesystem-api": {
      "version": "0.8.0",
      "resolved": "https://registry.npmjs.org/pareto-handledfilesystem-api/-/pareto-handledfilesystem-api-0.8.0.tgz",
      "integrity": "sha512-IpDfLbnIoUFuDsMFBVy0gPtj6uM5xfcE2vWH5w5BNQ80iLLS0qpxVWSTsYGNdypNxmzHy0i75e+DaCeOQeUcRA==",
      "dependencies": {
        "pareto-api-core": "^0.1.0"
      }
    },
    "node_modules/pareto-lib-core": {
      "version": "0.5.0",
      "resolved": "https://registry.npmjs.org/pareto-lib-core/-/pareto-lib-core-0.5.0.tgz",
      "integrity": "sha512-x2N4N+qOj7l/FdOiOUVQ4H90tHpp5fAr7mKtip4BQrffA+nnuPwmYz0GaYP61sIMyWzTevRfiVJSPhJang5Adg==",
      "dependencies": {
        "pareto-api-core": "^0.1.0"
      }
    },
    "node_modules/pareto-runtime": {
      "version": "0.25.0",
      "resolved": "https://registry.npmjs.org/pareto-runtime/-/pareto-runtime-0.25.0.tgz",
      "integrity": "sha512-e4Zn2o+ZcMb5vndFkDC46Z68zuzjS9IV1hiCnFmLxhWHb95igHCQ317JIBHOHexNvGbWmM1pVGcuNx6OvT+zyQ==",
      "dependencies": {
        "pareto-api-core": "^0.1.0"
      }
    },
    "node_modules/pareto-test-api": {
      "version": "0.6.0",
      "resolved": "https://registry.npmjs.org/pareto-test-api/-/pareto-test-api-0.6.0.tgz",
      "integrity": "sha512-0A2DusM1xZu2Sprd0NdzeiuPQDmNgDdvuM0MFZJSnMw2YR2l057Yytta5NSULiVydgYSglrxBhtB4NFMW5VbUA==",
      "dependencies": {
        "pareto-api-core": "^0.1.0"
      }
    },
    "node_modules/pareto-test-lib": {
      "version": "0.21.0",
      "resolved": "https://registry.npmjs.org/pareto-test-lib/-/pareto-test-lib-0.21.0.tgz",
      "integrity": "sha512-qBOfWMIwjqc43/Qg+P+pqeSK+XROw9pQmXeMQRZNns77kQ5fb9z2UEgg3EBCfJf4qo2evJPfbPVzq2gIXSk9/g==",
      "dependencies": {
        "pareto-api-core": "^0.1.0",
        "pareto-async-functions-api": "^0.9.0",
        "pareto-diff-api": "^0.1.0",
        "pareto-filesystem-api": "^0.15.0",
        "pareto-handledfilesystem-api": "^0.8.0",
        "pareto-lib-core": "^0.5.0",
        "pareto-runtime": "^0.25.0",
        "pareto-test-api": "^0.6.0"
      }
    }
  },
  "dependencies": {
    "pareto-api-core": {
      "version": "0.1.0",
      "resolved": "https://registry.npmjs.org/pareto-api-core/-/pareto-api-core-0.1.0.tgz",
      "integrity": "sha512-n62sy/20fJxEbHwWmrM7uMQiWETS/mIKqcJfxxA2EzxRIhvmsOFDJr4eaB3L4WgDsi9j9AVVddYCqolmpvjEBQ=="
    },
    "pareto-async-functions-api": {
      "version": "0.9.0",
      "resolved": "https://registry.npmjs.org/pareto-async-functions-api/-/pareto-async-functions-api-0.9.0.tgz",
      "integrity": "sha512-5GF7qYH4IbsBGp/y0N7TI/85NNuave5z0kLMCCa9S6bWpEJszSzAxdbY45C/Rf2OkOH4lk3H7R0b9Xl7EJZD1Q==",
      "requires": {
        "pareto-api-core": "^0.1.0"
      }
    },
    "pareto-diff-api": {
      "version": "0.1.0",
      "resolved": "https://registry.npmjs.org/pareto-diff-api/-/pareto-diff-api-0.1.0.tgz",
      "integrity": "sha512-yfJb2jptWsskEDCvTa8gXXydko+VPOXLG3/9mGUs2tmVcc81ncbs/eMLmsUDDYz1fQJSbn254gXWMtwUSupg1w=="
    },
    "pareto-filesystem-api": {
      "version": "0.15.0",
      "resolved": "https://registry.npmjs.org/pareto-filesystem-api/-/pareto-filesystem-api-0.15.0.tgz",
      "integrity": "sha512-g/kNfeMvVdunG0C+t/YqOEb7UrrKQu0BtgUUe7CE190tvgi1mLIdM5AEVqK3Acwil2rhol6gQOUqPCqtHlCbUg==",
      "requires": {
        "pareto-handledfilesystem-api": "^0.8.0"
      }
    },
    "pareto-handledfilesystem-api": {
      "version": "0.8.0",
      "resolved": "https://registry.npmjs.org/pareto-handledfilesystem-api/-/pareto-handledfilesystem-api-0.8.0.tgz",
      "integrity": "sha512-IpDfLbnIoUFuDsMFBVy0gPtj6uM5xfcE2vWH5w5BNQ80iLLS0qpxVWSTsYGNdypNxmzHy0i75e+DaCeOQeUcRA==",
      "requires": {
        "pareto-api-core": "^0.1.0"
      }
    },
    "pareto-lib-core": {
      "version": "0.5.0",
      "resolved": "https://registry.npmjs.org/pareto-lib-core/-/pareto-lib-core-0.5.0.tgz",
      "integrity": "sha512-x2N4N+qOj7l/FdOiOUVQ4H90tHpp5fAr7mKtip4BQrffA+nnuPwmYz0GaYP61sIMyWzTevRfiVJSPhJang5Adg==",
      "requires": {
        "pareto-api-core": "^0.1.0"
      }
    },
    "pareto-runtime": {
      "version": "0.25.0",
      "resolved": "https://registry.npmjs.org/pareto-runtime/-/pareto-runtime-0.25.0.tgz",
      "integrity": "sha512-e4Zn2o+ZcMb5vndFkDC46Z68zuzjS9IV1hiCnFmLxhWHb95igHCQ317JIBHOHexNvGbWmM1pVGcuNx6OvT+zyQ==",
      "requires": {
        "pareto-api-core": "^0.1.0"
      }
    },
    "pareto-test-api": {
      "version": "0.6.0",
      "resolved": "https://registry.npmjs.org/pareto-test-api/-/pareto-test-api-0.6.0.tgz",
      "integrity": "sha512-0A2DusM1xZu2Sprd0NdzeiuPQDmNgDdvuM0MFZJSnMw2YR2l057Yytta5NSULiVydgYSglrxBhtB4NFMW5VbUA==",
      "requires": {
        "pareto-api-core": "^0.1.0"
      }
    },
    "pareto-test-lib": {
      "version": "0.21.0",
      "resolved": "https://registry.npmjs.org/pareto-test-lib/-/pareto-test-lib-0.21.0.tgz",
      "integrity": "sha512-qBOfWMIwjqc43/Qg+P+pqeSK+XROw9pQmXeMQRZNns77kQ5fb9z2UEgg3EBCfJf4qo2evJPfbPVzq2gIXSk9/g==",
      "requires": {
        "pareto-api-core": "^0.1.0",
        "pareto-async-functions-api": "^0.9.0",
        "pareto-diff-api": "^0.1.0",
        "pareto-filesystem-api": "^0.15.0",
        "pareto-handledfilesystem-api": "^0.8.0",
        "pareto-lib-core": "^0.5.0",
        "pareto-runtime": "^0.25.0",
        "pareto-test-api": "^0.6.0"
      }
    }
  }
}
