{
  "name": "test",
  "lockfileVersion": 2,
  "requires": true,
  "packages": {
    "": {
      "dependencies": {
        "pareto-lang-lib": "^0.8.0",
        "pareto-runtime": "^0.24.0",
        "pareto-test-lib": "^0.16.0"
      }
    },
    "node_modules/pareto-async-api": {
      "version": "0.8.0",
      "resolved": "https://registry.npmjs.org/pareto-async-api/-/pareto-async-api-0.8.0.tgz",
      "integrity": "sha512-jHvKbMoxLJXkMFS/m9NE/+eVsvwwVP4vMyxbiTE54YwwU0eTxJyllcnN+o23xobwl+GC7lTJMW0Ltube3VNABw==",
      "dependencies": {
        "pareto-lang-api": "^0.6.0"
      }
    },
    "node_modules/pareto-async-functions-api": {
      "version": "0.8.0",
      "resolved": "https://registry.npmjs.org/pareto-async-functions-api/-/pareto-async-functions-api-0.8.0.tgz",
      "integrity": "sha512-aALB5za7EcXxyaztxD6qd1x9OBmrcxtbkWB6Q6BVwWr5qBeTnrupHdgYdTtmdHx+utRgYtcsS82HIqOOUsF6xQ==",
      "dependencies": {
        "pareto-async-api": "^0.8.0",
        "pareto-lang-api": "^0.6.0"
      }
    },
    "node_modules/pareto-diff-api": {
      "version": "0.1.0",
      "resolved": "https://registry.npmjs.org/pareto-diff-api/-/pareto-diff-api-0.1.0.tgz",
      "integrity": "sha512-yfJb2jptWsskEDCvTa8gXXydko+VPOXLG3/9mGUs2tmVcc81ncbs/eMLmsUDDYz1fQJSbn254gXWMtwUSupg1w=="
    },
    "node_modules/pareto-filesystem-api": {
      "version": "0.13.0",
      "resolved": "https://registry.npmjs.org/pareto-filesystem-api/-/pareto-filesystem-api-0.13.0.tgz",
      "integrity": "sha512-6sLB6WF+tM/8axejriEe+HNHgBJ5hHAKkicDf0AfqY67nJMXsJxvc9SnOiUr2YSmtxNgXvkeOLv2nU0hjTcaCw==",
      "dependencies": {
        "pareto-async-api": "^0.8.0",
        "pareto-handledfilesystem-api": "^0.7.0"
      }
    },
    "node_modules/pareto-handledfilesystem-api": {
      "version": "0.7.0",
      "resolved": "https://registry.npmjs.org/pareto-handledfilesystem-api/-/pareto-handledfilesystem-api-0.7.0.tgz",
      "integrity": "sha512-qTOnWaZgl3/RPWGA/k96pHCxI8vDma2ietxjCVLrgpuV3zdA1jwTVNBAUZtB8byIcJnUvnITg6yrAwHuie90KA==",
      "dependencies": {
        "pareto-async-api": "^0.8.0",
        "pareto-lang-api": "^0.6.0"
      }
    },
    "node_modules/pareto-lang-api": {
      "version": "0.6.0",
      "resolved": "https://registry.npmjs.org/pareto-lang-api/-/pareto-lang-api-0.6.0.tgz",
      "integrity": "sha512-rKtnWp5DHlwPHLCnBHMIW5Bhx+enwNGroiaWJnca0Mtybf9zWVaOA3zjA14eDEDEyOiLJbG/6FO8YXwp7MlwTw=="
    },
    "node_modules/pareto-lang-lib": {
      "version": "0.8.0",
      "resolved": "https://registry.npmjs.org/pareto-lang-lib/-/pareto-lang-lib-0.8.0.tgz",
      "integrity": "sha512-zZBianB7Q36UeUlxz3jjBUgKs4BmQ/J583r39AftOXlo8JJxUY1cMXPe/yVbdKaLpMdxyh9/Atg9zQ6gwDQD1A==",
      "dependencies": {
        "pareto-lang-api": "^0.6.0"
      }
    },
    "node_modules/pareto-runtime": {
      "version": "0.24.0",
      "resolved": "https://registry.npmjs.org/pareto-runtime/-/pareto-runtime-0.24.0.tgz",
      "integrity": "sha512-bwqDIk+jW6TsQScsyG/3Xatpug4eLGtH1OxSNodMq249UmUq2XSHyi7jDPCEGpxY9c+LpXu95l/aZqgWennIAA==",
      "dependencies": {
        "pareto-lang-api": "^0.6.0"
      }
    },
    "node_modules/pareto-test-api": {
      "version": "0.4.0",
      "resolved": "https://registry.npmjs.org/pareto-test-api/-/pareto-test-api-0.4.0.tgz",
      "integrity": "sha512-+IrzryiDdjXGjP1vc2VPEfI299mWqFtCQ1/pVaeeGfIJZumMzrS79xYY/Fgq49QmDVzNJtCZYpZapqbExkKKSg==",
      "dependencies": {
        "pareto-async-api": "^0.8.0",
        "pareto-lang-api": "^0.6.0"
      }
    },
    "node_modules/pareto-test-lib": {
      "version": "0.16.0",
      "resolved": "https://registry.npmjs.org/pareto-test-lib/-/pareto-test-lib-0.16.0.tgz",
      "integrity": "sha512-/KDJDJDsb1YILN6O9kG41BOqBHuyJFazm2Y3gpR1e5bz+6G131B5dtUf2hocE7TNlTzwS32LC27XhIc2NL+N8w==",
      "dependencies": {
        "pareto-async-functions-api": "^0.8.0",
        "pareto-diff-api": "^0.1.0",
        "pareto-filesystem-api": "^0.13.0",
        "pareto-handledfilesystem-api": "^0.7.0",
        "pareto-lang-lib": "^0.8.0",
        "pareto-runtime": "^0.24.0",
        "pareto-test-api": "^0.4.0"
      }
    }
  },
  "dependencies": {
    "pareto-async-api": {
      "version": "0.8.0",
      "resolved": "https://registry.npmjs.org/pareto-async-api/-/pareto-async-api-0.8.0.tgz",
      "integrity": "sha512-jHvKbMoxLJXkMFS/m9NE/+eVsvwwVP4vMyxbiTE54YwwU0eTxJyllcnN+o23xobwl+GC7lTJMW0Ltube3VNABw==",
      "requires": {
        "pareto-lang-api": "^0.6.0"
      }
    },
    "pareto-async-functions-api": {
      "version": "0.8.0",
      "resolved": "https://registry.npmjs.org/pareto-async-functions-api/-/pareto-async-functions-api-0.8.0.tgz",
      "integrity": "sha512-aALB5za7EcXxyaztxD6qd1x9OBmrcxtbkWB6Q6BVwWr5qBeTnrupHdgYdTtmdHx+utRgYtcsS82HIqOOUsF6xQ==",
      "requires": {
        "pareto-async-api": "^0.8.0",
        "pareto-lang-api": "^0.6.0"
      }
    },
    "pareto-diff-api": {
      "version": "0.1.0",
      "resolved": "https://registry.npmjs.org/pareto-diff-api/-/pareto-diff-api-0.1.0.tgz",
      "integrity": "sha512-yfJb2jptWsskEDCvTa8gXXydko+VPOXLG3/9mGUs2tmVcc81ncbs/eMLmsUDDYz1fQJSbn254gXWMtwUSupg1w=="
    },
    "pareto-filesystem-api": {
      "version": "0.13.0",
      "resolved": "https://registry.npmjs.org/pareto-filesystem-api/-/pareto-filesystem-api-0.13.0.tgz",
      "integrity": "sha512-6sLB6WF+tM/8axejriEe+HNHgBJ5hHAKkicDf0AfqY67nJMXsJxvc9SnOiUr2YSmtxNgXvkeOLv2nU0hjTcaCw==",
      "requires": {
        "pareto-async-api": "^0.8.0",
        "pareto-handledfilesystem-api": "^0.7.0"
      }
    },
    "pareto-handledfilesystem-api": {
      "version": "0.7.0",
      "resolved": "https://registry.npmjs.org/pareto-handledfilesystem-api/-/pareto-handledfilesystem-api-0.7.0.tgz",
      "integrity": "sha512-qTOnWaZgl3/RPWGA/k96pHCxI8vDma2ietxjCVLrgpuV3zdA1jwTVNBAUZtB8byIcJnUvnITg6yrAwHuie90KA==",
      "requires": {
        "pareto-async-api": "^0.8.0",
        "pareto-lang-api": "^0.6.0"
      }
    },
    "pareto-lang-api": {
      "version": "0.6.0",
      "resolved": "https://registry.npmjs.org/pareto-lang-api/-/pareto-lang-api-0.6.0.tgz",
      "integrity": "sha512-rKtnWp5DHlwPHLCnBHMIW5Bhx+enwNGroiaWJnca0Mtybf9zWVaOA3zjA14eDEDEyOiLJbG/6FO8YXwp7MlwTw=="
    },
    "pareto-lang-lib": {
      "version": "0.8.0",
      "resolved": "https://registry.npmjs.org/pareto-lang-lib/-/pareto-lang-lib-0.8.0.tgz",
      "integrity": "sha512-zZBianB7Q36UeUlxz3jjBUgKs4BmQ/J583r39AftOXlo8JJxUY1cMXPe/yVbdKaLpMdxyh9/Atg9zQ6gwDQD1A==",
      "requires": {
        "pareto-lang-api": "^0.6.0"
      }
    },
    "pareto-runtime": {
      "version": "0.24.0",
      "resolved": "https://registry.npmjs.org/pareto-runtime/-/pareto-runtime-0.24.0.tgz",
      "integrity": "sha512-bwqDIk+jW6TsQScsyG/3Xatpug4eLGtH1OxSNodMq249UmUq2XSHyi7jDPCEGpxY9c+LpXu95l/aZqgWennIAA==",
      "requires": {
        "pareto-lang-api": "^0.6.0"
      }
    },
    "pareto-test-api": {
      "version": "0.4.0",
      "resolved": "https://registry.npmjs.org/pareto-test-api/-/pareto-test-api-0.4.0.tgz",
      "integrity": "sha512-+IrzryiDdjXGjP1vc2VPEfI299mWqFtCQ1/pVaeeGfIJZumMzrS79xYY/Fgq49QmDVzNJtCZYpZapqbExkKKSg==",
      "requires": {
        "pareto-async-api": "^0.8.0",
        "pareto-lang-api": "^0.6.0"
      }
    },
    "pareto-test-lib": {
      "version": "0.16.0",
      "resolved": "https://registry.npmjs.org/pareto-test-lib/-/pareto-test-lib-0.16.0.tgz",
      "integrity": "sha512-/KDJDJDsb1YILN6O9kG41BOqBHuyJFazm2Y3gpR1e5bz+6G131B5dtUf2hocE7TNlTzwS32LC27XhIc2NL+N8w==",
      "requires": {
        "pareto-async-functions-api": "^0.8.0",
        "pareto-diff-api": "^0.1.0",
        "pareto-filesystem-api": "^0.13.0",
        "pareto-handledfilesystem-api": "^0.7.0",
        "pareto-lang-lib": "^0.8.0",
        "pareto-runtime": "^0.24.0",
        "pareto-test-api": "^0.4.0"
      }
    }
  }
}
