{
  "name": "test",
  "lockfileVersion": 2,
  "requires": true,
  "packages": {
    "": {
      "dependencies": {
        "pareto-runtime": "^0.16.4",
        "pareto-test": "^0.3.5"
      }
    },
    "node_modules/diff": {
      "version": "5.0.0",
      "resolved": "https://registry.npmjs.org/diff/-/diff-5.0.0.tgz",
      "integrity": "sha512-/VTCrvm5Z0JGty/BWHljh+BAiw3IK+2j87NGMu8Nwc/f48WoDAC395uomO9ZD117ZOBaHmkX1oyLvkVM/aIT3w==",
      "engines": {
        "node": ">=0.3.1"
      }
    },
    "node_modules/pareto-runtime": {
      "version": "0.16.4",
      "resolved": "https://registry.npmjs.org/pareto-runtime/-/pareto-runtime-0.16.4.tgz",
      "integrity": "sha512-/bDrdpy9re9P679+mmZxFuwkTWaTxjAxCaTtTaBeWTNa/RHlCBVOJ/Sf8MH/7beC1Xw4dZEJcs8qkOQtoTSGbA=="
    },
    "node_modules/pareto-test": {
      "version": "0.3.5",
      "resolved": "https://registry.npmjs.org/pareto-test/-/pareto-test-0.3.5.tgz",
      "integrity": "sha512-sxuVRv/5hRGeTrD//HLvG1GRSQJPGvK6RFjxZvUscz8c16M7G1jDtvVKqcApMY1I5oPtPl9FGf8h38xnLqNGYg==",
      "dependencies": {
        "diff": "^5.0.0",
        "pareto-runtime": "^0.16.4"
      }
    }
  },
  "dependencies": {
    "diff": {
      "version": "5.0.0",
      "resolved": "https://registry.npmjs.org/diff/-/diff-5.0.0.tgz",
      "integrity": "sha512-/VTCrvm5Z0JGty/BWHljh+BAiw3IK+2j87NGMu8Nwc/f48WoDAC395uomO9ZD117ZOBaHmkX1oyLvkVM/aIT3w=="
    },
    "pareto-runtime": {
      "version": "0.16.4",
      "resolved": "https://registry.npmjs.org/pareto-runtime/-/pareto-runtime-0.16.4.tgz",
      "integrity": "sha512-/bDrdpy9re9P679+mmZxFuwkTWaTxjAxCaTtTaBeWTNa/RHlCBVOJ/Sf8MH/7beC1Xw4dZEJcs8qkOQtoTSGbA=="
    },
    "pareto-test": {
      "version": "0.3.5",
      "resolved": "https://registry.npmjs.org/pareto-test/-/pareto-test-0.3.5.tgz",
      "integrity": "sha512-sxuVRv/5hRGeTrD//HLvG1GRSQJPGvK6RFjxZvUscz8c16M7G1jDtvVKqcApMY1I5oPtPl9FGf8h38xnLqNGYg==",
      "requires": {
        "diff": "^5.0.0",
        "pareto-runtime": "^0.16.4"
      }
    }
  }
}
