{
    "name": "dev",
    "lockfileVersion": 2,
    "requires": true,
    "packages": {
        "": {
            "dependencies": {
                "generate-typesafe-ast": "^0.7.1",
                "pareto-filesystem-res": "^0.25.0",
                "pareto-runtime": "^0.25.0"
            }
        },
        "node_modules/fountain-pen": {
            "version": "4.2.11",
            "resolved": "https://registry.npmjs.org/fountain-pen/-/fountain-pen-4.2.11.tgz",
            "integrity": "sha512-ymVGiOF/etr5k0UTbdPSh86pvDK5KSXipdgWhWiZ3zelegwZm95AX5TR3JHLHCg2adiI3Mmv+41cNpUht43Ekw==",
            "dependencies": {
                "pareto-runtime": "^0.19.1"
            }
        },
        "node_modules/fountain-pen/node_modules/pareto-runtime": {
            "version": "0.19.1",
            "resolved": "https://registry.npmjs.org/pareto-runtime/-/pareto-runtime-0.19.1.tgz",
            "integrity": "sha512-8uBuwCr/2sJrSef39s1NVOuX5NQen66YSlxgE8mL801a+rXIJxt/8e+PyWyxUHgTcAPTeIUcjTBufS/5fV4hoQ=="
        },
        "node_modules/generate-typesafe-ast": {
            "version": "0.7.1",
            "resolved": "https://registry.npmjs.org/generate-typesafe-ast/-/generate-typesafe-ast-0.7.1.tgz",
            "integrity": "sha512-3NEPhQA+iRguNJ0PumLJBsy0+7zeEvbK+q8NCCRFoU2dnSHrAibowYQtnfIcpTibtMrHqOGVhEfNxOJC4NrL9w==",
            "dependencies": {
                "fountain-pen": "^4.2.11",
                "pareto-runtime": "^0.22.0"
            }
        },
        "node_modules/generate-typesafe-ast/node_modules/pareto-runtime": {
            "version": "0.22.0",
            "resolved": "https://registry.npmjs.org/pareto-runtime/-/pareto-runtime-0.22.0.tgz",
            "integrity": "sha512-v4T0pCv+ARIKntB7ZjKqqXBmLDbMzhrMFP4XODpF7DkELWJina/DAr/UVuMYwnz32QN7O9AHunsCVnHOOcKfHQ=="
        },
        "node_modules/pareto-api-core": {
            "version": "0.1.0",
            "resolved": "https://registry.npmjs.org/pareto-api-core/-/pareto-api-core-0.1.0.tgz",
            "integrity": "sha512-n62sy/20fJxEbHwWmrM7uMQiWETS/mIKqcJfxxA2EzxRIhvmsOFDJr4eaB3L4WgDsi9j9AVVddYCqolmpvjEBQ=="
        },
        "node_modules/pareto-filesystem-res": {
            "version": "0.25.0",
            "resolved": "https://registry.npmjs.org/pareto-filesystem-res/-/pareto-filesystem-res-0.25.0.tgz",
            "integrity": "sha512-16/JaQMESqrB3frtGTGFf1Bi125+AmA/fN1zrzLE26Gl1aWDIXIHE3J3tUnDIz9ac9BqS8JowA/YRGLMP8amKA==",
            "dependencies": {
                "pareto-filesystem-api": "^0.15.0",
                "pareto-handledfilesystem-api": "^0.8.0",
                "pareto-lib-core": "^0.5.0",
                "pareto-runtime": "^0.25.0"
            }
        },
        "node_modules/pareto-filesystem-res/node_modules/pareto-filesystem-api": {
            "version": "0.15.0",
            "resolved": "https://registry.npmjs.org/pareto-filesystem-api/-/pareto-filesystem-api-0.15.0.tgz",
            "integrity": "sha512-g/kNfeMvVdunG0C+t/YqOEb7UrrKQu0BtgUUe7CE190tvgi1mLIdM5AEVqK3Acwil2rhol6gQOUqPCqtHlCbUg==",
            "dependencies": {
                "pareto-handledfilesystem-api": "^0.8.0"
            }
        },
        "node_modules/pareto-filesystem-res/node_modules/pareto-handledfilesystem-api": {
            "version": "0.8.0",
            "resolved": "https://registry.npmjs.org/pareto-handledfilesystem-api/-/pareto-handledfilesystem-api-0.8.0.tgz",
            "integrity": "sha512-IpDfLbnIoUFuDsMFBVy0gPtj6uM5xfcE2vWH5w5BNQ80iLLS0qpxVWSTsYGNdypNxmzHy0i75e+DaCeOQeUcRA==",
            "dependencies": {
                "pareto-api-core": "^0.1.0"
            }
        },
        "node_modules/pareto-lib-core": {
            "version": "0.5.0",
            "resolved": "https://registry.npmjs.org/pareto-lib-core/-/pareto-lib-core-0.5.0.tgz",
            "integrity": "sha512-x2N4N+qOj7l/FdOiOUVQ4H90tHpp5fAr7mKtip4BQrffA+nnuPwmYz0GaYP61sIMyWzTevRfiVJSPhJang5Adg==",
            "dependencies": {
                "pareto-api-core": "^0.1.0"
            }
        },
        "node_modules/pareto-runtime": {
            "version": "0.25.0",
            "resolved": "https://registry.npmjs.org/pareto-runtime/-/pareto-runtime-0.25.0.tgz",
            "integrity": "sha512-e4Zn2o+ZcMb5vndFkDC46Z68zuzjS9IV1hiCnFmLxhWHb95igHCQ317JIBHOHexNvGbWmM1pVGcuNx6OvT+zyQ==",
            "dependencies": {
                "pareto-api-core": "^0.1.0"
            }
        }
    },
    "dependencies": {
        "fountain-pen": {
            "version": "4.2.11",
            "resolved": "https://registry.npmjs.org/fountain-pen/-/fountain-pen-4.2.11.tgz",
            "integrity": "sha512-ymVGiOF/etr5k0UTbdPSh86pvDK5KSXipdgWhWiZ3zelegwZm95AX5TR3JHLHCg2adiI3Mmv+41cNpUht43Ekw==",
            "requires": {
                "pareto-runtime": "^0.19.1"
            },
            "dependencies": {
                "pareto-runtime": {
                    "version": "0.19.1",
                    "resolved": "https://registry.npmjs.org/pareto-runtime/-/pareto-runtime-0.19.1.tgz",
                    "integrity": "sha512-8uBuwCr/2sJrSef39s1NVOuX5NQen66YSlxgE8mL801a+rXIJxt/8e+PyWyxUHgTcAPTeIUcjTBufS/5fV4hoQ=="
                }
            }
        },
        "generate-typesafe-ast": {
            "version": "0.7.1",
            "resolved": "https://registry.npmjs.org/generate-typesafe-ast/-/generate-typesafe-ast-0.7.1.tgz",
            "integrity": "sha512-3NEPhQA+iRguNJ0PumLJBsy0+7zeEvbK+q8NCCRFoU2dnSHrAibowYQtnfIcpTibtMrHqOGVhEfNxOJC4NrL9w==",
            "requires": {
                "fountain-pen": "^4.2.11",
                "pareto-runtime": "^0.22.0"
            },
            "dependencies": {
                "pareto-runtime": {
                    "version": "0.22.0",
                    "resolved": "https://registry.npmjs.org/pareto-runtime/-/pareto-runtime-0.22.0.tgz",
                    "integrity": "sha512-v4T0pCv+ARIKntB7ZjKqqXBmLDbMzhrMFP4XODpF7DkELWJina/DAr/UVuMYwnz32QN7O9AHunsCVnHOOcKfHQ=="
                }
            }
        },
        "pareto-api-core": {
            "version": "0.1.0",
            "resolved": "https://registry.npmjs.org/pareto-api-core/-/pareto-api-core-0.1.0.tgz",
            "integrity": "sha512-n62sy/20fJxEbHwWmrM7uMQiWETS/mIKqcJfxxA2EzxRIhvmsOFDJr4eaB3L4WgDsi9j9AVVddYCqolmpvjEBQ=="
        },
        "pareto-filesystem-res": {
            "version": "0.25.0",
            "resolved": "https://registry.npmjs.org/pareto-filesystem-res/-/pareto-filesystem-res-0.25.0.tgz",
            "integrity": "sha512-16/JaQMESqrB3frtGTGFf1Bi125+AmA/fN1zrzLE26Gl1aWDIXIHE3J3tUnDIz9ac9BqS8JowA/YRGLMP8amKA==",
            "requires": {
                "pareto-filesystem-api": "^0.15.0",
                "pareto-handledfilesystem-api": "^0.8.0",
                "pareto-lib-core": "^0.5.0",
                "pareto-runtime": "^0.25.0"
            },
            "dependencies": {
                "pareto-filesystem-api": {
                    "version": "0.15.0",
                    "resolved": "https://registry.npmjs.org/pareto-filesystem-api/-/pareto-filesystem-api-0.15.0.tgz",
                    "integrity": "sha512-g/kNfeMvVdunG0C+t/YqOEb7UrrKQu0BtgUUe7CE190tvgi1mLIdM5AEVqK3Acwil2rhol6gQOUqPCqtHlCbUg==",
                    "requires": {
                        "pareto-handledfilesystem-api": "^0.8.0"
                    }
                },
                "pareto-handledfilesystem-api": {
                    "version": "0.8.0",
                    "resolved": "https://registry.npmjs.org/pareto-handledfilesystem-api/-/pareto-handledfilesystem-api-0.8.0.tgz",
                    "integrity": "sha512-IpDfLbnIoUFuDsMFBVy0gPtj6uM5xfcE2vWH5w5BNQ80iLLS0qpxVWSTsYGNdypNxmzHy0i75e+DaCeOQeUcRA==",
                    "requires": {
                        "pareto-api-core": "^0.1.0"
                    }
                }
            }
        },
        "pareto-lib-core": {
            "version": "0.5.0",
            "resolved": "https://registry.npmjs.org/pareto-lib-core/-/pareto-lib-core-0.5.0.tgz",
            "integrity": "sha512-x2N4N+qOj7l/FdOiOUVQ4H90tHpp5fAr7mKtip4BQrffA+nnuPwmYz0GaYP61sIMyWzTevRfiVJSPhJang5Adg==",
            "requires": {
                "pareto-api-core": "^0.1.0"
            }
        },
        "pareto-runtime": {
            "version": "0.25.0",
            "resolved": "https://registry.npmjs.org/pareto-runtime/-/pareto-runtime-0.25.0.tgz",
            "integrity": "sha512-e4Zn2o+ZcMb5vndFkDC46Z68zuzjS9IV1hiCnFmLxhWHb95igHCQ317JIBHOHexNvGbWmM1pVGcuNx6OvT+zyQ==",
            "requires": {
                "pareto-api-core": "^0.1.0"
            }
        }
    }
}
