{
    "name": "dev",
    "lockfileVersion": 2,
    "requires": true,
    "packages": {
        "": {
            "dependencies": {
                "generate-typesafe-ast": "^0.7.1",
                "pareto-filesystem-lib": "^0.22.0",
                "pareto-runtime": "^0.24.0"
            }
        },
        "node_modules/fountain-pen": {
            "version": "4.2.11",
            "resolved": "https://registry.npmjs.org/fountain-pen/-/fountain-pen-4.2.11.tgz",
            "integrity": "sha512-ymVGiOF/etr5k0UTbdPSh86pvDK5KSXipdgWhWiZ3zelegwZm95AX5TR3JHLHCg2adiI3Mmv+41cNpUht43Ekw==",
            "dependencies": {
                "pareto-runtime": "^0.19.1"
            }
        },
        "node_modules/fountain-pen/node_modules/pareto-runtime": {
            "version": "0.19.1",
            "resolved": "https://registry.npmjs.org/pareto-runtime/-/pareto-runtime-0.19.1.tgz",
            "integrity": "sha512-8uBuwCr/2sJrSef39s1NVOuX5NQen66YSlxgE8mL801a+rXIJxt/8e+PyWyxUHgTcAPTeIUcjTBufS/5fV4hoQ=="
        },
        "node_modules/generate-typesafe-ast": {
            "version": "0.7.1",
            "resolved": "https://registry.npmjs.org/generate-typesafe-ast/-/generate-typesafe-ast-0.7.1.tgz",
            "integrity": "sha512-3NEPhQA+iRguNJ0PumLJBsy0+7zeEvbK+q8NCCRFoU2dnSHrAibowYQtnfIcpTibtMrHqOGVhEfNxOJC4NrL9w==",
            "dependencies": {
                "fountain-pen": "^4.2.11",
                "pareto-runtime": "^0.22.0"
            }
        },
        "node_modules/generate-typesafe-ast/node_modules/pareto-runtime": {
            "version": "0.22.0",
            "resolved": "https://registry.npmjs.org/pareto-runtime/-/pareto-runtime-0.22.0.tgz",
            "integrity": "sha512-v4T0pCv+ARIKntB7ZjKqqXBmLDbMzhrMFP4XODpF7DkELWJina/DAr/UVuMYwnz32QN7O9AHunsCVnHOOcKfHQ=="
        },
        "node_modules/pareto-async-api": {
            "version": "0.8.0",
            "resolved": "https://registry.npmjs.org/pareto-async-api/-/pareto-async-api-0.8.0.tgz",
            "integrity": "sha512-jHvKbMoxLJXkMFS/m9NE/+eVsvwwVP4vMyxbiTE54YwwU0eTxJyllcnN+o23xobwl+GC7lTJMW0Ltube3VNABw==",
            "dependencies": {
                "pareto-lang-api": "^0.6.0"
            }
        },
        "node_modules/pareto-filesystem-api": {
            "version": "0.13.0",
            "resolved": "https://registry.npmjs.org/pareto-filesystem-api/-/pareto-filesystem-api-0.13.0.tgz",
            "integrity": "sha512-6sLB6WF+tM/8axejriEe+HNHgBJ5hHAKkicDf0AfqY67nJMXsJxvc9SnOiUr2YSmtxNgXvkeOLv2nU0hjTcaCw==",
            "dependencies": {
                "pareto-async-api": "^0.8.0",
                "pareto-handledfilesystem-api": "^0.7.0"
            }
        },
        "node_modules/pareto-filesystem-lib": {
            "version": "0.22.0",
            "resolved": "https://registry.npmjs.org/pareto-filesystem-lib/-/pareto-filesystem-lib-0.22.0.tgz",
            "integrity": "sha512-VhiBQOUfwzaoJClhnnXoYCmNZrMvVOG0yBqqcWI2zmULQDbrf6XDZxUg5ljh76zDAOvdOD5/xnD9OJ4mXHq+Ew==",
            "dependencies": {
                "pareto-async-api": "^0.8.0",
                "pareto-filesystem-api": "^0.13.0",
                "pareto-handledfilesystem-api": "^0.7.0",
                "pareto-lang-lib": "^0.8.0",
                "pareto-runtime": "^0.24.0"
            }
        },
        "node_modules/pareto-handledfilesystem-api": {
            "version": "0.7.0",
            "resolved": "https://registry.npmjs.org/pareto-handledfilesystem-api/-/pareto-handledfilesystem-api-0.7.0.tgz",
            "integrity": "sha512-qTOnWaZgl3/RPWGA/k96pHCxI8vDma2ietxjCVLrgpuV3zdA1jwTVNBAUZtB8byIcJnUvnITg6yrAwHuie90KA==",
            "dependencies": {
                "pareto-async-api": "^0.8.0",
                "pareto-lang-api": "^0.6.0"
            }
        },
        "node_modules/pareto-lang-api": {
            "version": "0.6.0",
            "resolved": "https://registry.npmjs.org/pareto-lang-api/-/pareto-lang-api-0.6.0.tgz",
            "integrity": "sha512-rKtnWp5DHlwPHLCnBHMIW5Bhx+enwNGroiaWJnca0Mtybf9zWVaOA3zjA14eDEDEyOiLJbG/6FO8YXwp7MlwTw=="
        },
        "node_modules/pareto-lang-lib": {
            "version": "0.8.0",
            "resolved": "https://registry.npmjs.org/pareto-lang-lib/-/pareto-lang-lib-0.8.0.tgz",
            "integrity": "sha512-zZBianB7Q36UeUlxz3jjBUgKs4BmQ/J583r39AftOXlo8JJxUY1cMXPe/yVbdKaLpMdxyh9/Atg9zQ6gwDQD1A==",
            "dependencies": {
                "pareto-lang-api": "^0.6.0"
            }
        },
        "node_modules/pareto-runtime": {
            "version": "0.24.0",
            "resolved": "https://registry.npmjs.org/pareto-runtime/-/pareto-runtime-0.24.0.tgz",
            "integrity": "sha512-bwqDIk+jW6TsQScsyG/3Xatpug4eLGtH1OxSNodMq249UmUq2XSHyi7jDPCEGpxY9c+LpXu95l/aZqgWennIAA==",
            "dependencies": {
                "pareto-lang-api": "^0.6.0"
            }
        }
    },
    "dependencies": {
        "fountain-pen": {
            "version": "4.2.11",
            "resolved": "https://registry.npmjs.org/fountain-pen/-/fountain-pen-4.2.11.tgz",
            "integrity": "sha512-ymVGiOF/etr5k0UTbdPSh86pvDK5KSXipdgWhWiZ3zelegwZm95AX5TR3JHLHCg2adiI3Mmv+41cNpUht43Ekw==",
            "requires": {
                "pareto-runtime": "^0.19.1"
            },
            "dependencies": {
                "pareto-runtime": {
                    "version": "0.19.1",
                    "resolved": "https://registry.npmjs.org/pareto-runtime/-/pareto-runtime-0.19.1.tgz",
                    "integrity": "sha512-8uBuwCr/2sJrSef39s1NVOuX5NQen66YSlxgE8mL801a+rXIJxt/8e+PyWyxUHgTcAPTeIUcjTBufS/5fV4hoQ=="
                }
            }
        },
        "generate-typesafe-ast": {
            "version": "0.7.1",
            "resolved": "https://registry.npmjs.org/generate-typesafe-ast/-/generate-typesafe-ast-0.7.1.tgz",
            "integrity": "sha512-3NEPhQA+iRguNJ0PumLJBsy0+7zeEvbK+q8NCCRFoU2dnSHrAibowYQtnfIcpTibtMrHqOGVhEfNxOJC4NrL9w==",
            "requires": {
                "fountain-pen": "^4.2.11",
                "pareto-runtime": "^0.22.0"
            },
            "dependencies": {
                "pareto-runtime": {
                    "version": "0.22.0",
                    "resolved": "https://registry.npmjs.org/pareto-runtime/-/pareto-runtime-0.22.0.tgz",
                    "integrity": "sha512-v4T0pCv+ARIKntB7ZjKqqXBmLDbMzhrMFP4XODpF7DkELWJina/DAr/UVuMYwnz32QN7O9AHunsCVnHOOcKfHQ=="
                }
            }
        },
        "pareto-async-api": {
            "version": "0.8.0",
            "resolved": "https://registry.npmjs.org/pareto-async-api/-/pareto-async-api-0.8.0.tgz",
            "integrity": "sha512-jHvKbMoxLJXkMFS/m9NE/+eVsvwwVP4vMyxbiTE54YwwU0eTxJyllcnN+o23xobwl+GC7lTJMW0Ltube3VNABw==",
            "requires": {
                "pareto-lang-api": "^0.6.0"
            }
        },
        "pareto-filesystem-api": {
            "version": "0.13.0",
            "resolved": "https://registry.npmjs.org/pareto-filesystem-api/-/pareto-filesystem-api-0.13.0.tgz",
            "integrity": "sha512-6sLB6WF+tM/8axejriEe+HNHgBJ5hHAKkicDf0AfqY67nJMXsJxvc9SnOiUr2YSmtxNgXvkeOLv2nU0hjTcaCw==",
            "requires": {
                "pareto-async-api": "^0.8.0",
                "pareto-handledfilesystem-api": "^0.7.0"
            }
        },
        "pareto-filesystem-lib": {
            "version": "0.22.0",
            "resolved": "https://registry.npmjs.org/pareto-filesystem-lib/-/pareto-filesystem-lib-0.22.0.tgz",
            "integrity": "sha512-VhiBQOUfwzaoJClhnnXoYCmNZrMvVOG0yBqqcWI2zmULQDbrf6XDZxUg5ljh76zDAOvdOD5/xnD9OJ4mXHq+Ew==",
            "requires": {
                "pareto-async-api": "^0.8.0",
                "pareto-filesystem-api": "^0.13.0",
                "pareto-handledfilesystem-api": "^0.7.0",
                "pareto-lang-lib": "^0.8.0",
                "pareto-runtime": "^0.24.0"
            }
        },
        "pareto-handledfilesystem-api": {
            "version": "0.7.0",
            "resolved": "https://registry.npmjs.org/pareto-handledfilesystem-api/-/pareto-handledfilesystem-api-0.7.0.tgz",
            "integrity": "sha512-qTOnWaZgl3/RPWGA/k96pHCxI8vDma2ietxjCVLrgpuV3zdA1jwTVNBAUZtB8byIcJnUvnITg6yrAwHuie90KA==",
            "requires": {
                "pareto-async-api": "^0.8.0",
                "pareto-lang-api": "^0.6.0"
            }
        },
        "pareto-lang-api": {
            "version": "0.6.0",
            "resolved": "https://registry.npmjs.org/pareto-lang-api/-/pareto-lang-api-0.6.0.tgz",
            "integrity": "sha512-rKtnWp5DHlwPHLCnBHMIW5Bhx+enwNGroiaWJnca0Mtybf9zWVaOA3zjA14eDEDEyOiLJbG/6FO8YXwp7MlwTw=="
        },
        "pareto-lang-lib": {
            "version": "0.8.0",
            "resolved": "https://registry.npmjs.org/pareto-lang-lib/-/pareto-lang-lib-0.8.0.tgz",
            "integrity": "sha512-zZBianB7Q36UeUlxz3jjBUgKs4BmQ/J583r39AftOXlo8JJxUY1cMXPe/yVbdKaLpMdxyh9/Atg9zQ6gwDQD1A==",
            "requires": {
                "pareto-lang-api": "^0.6.0"
            }
        },
        "pareto-runtime": {
            "version": "0.24.0",
            "resolved": "https://registry.npmjs.org/pareto-runtime/-/pareto-runtime-0.24.0.tgz",
            "integrity": "sha512-bwqDIk+jW6TsQScsyG/3Xatpug4eLGtH1OxSNodMq249UmUq2XSHyi7jDPCEGpxY9c+LpXu95l/aZqgWennIAA==",
            "requires": {
                "pareto-lang-api": "^0.6.0"
            }
        }
    }
}
