{
    "name": "dev",
    "lockfileVersion": 2,
    "requires": true,
    "packages": {
        "": {
            "dependencies": {
                "generate-typesafe-ast": "^0.7.1",
                "pareto-filesystem-lib": "^0.14.0",
                "pareto-runtime": "^0.23.0"
            }
        },
        "node_modules/fountain-pen": {
            "version": "4.2.11",
            "resolved": "https://registry.npmjs.org/fountain-pen/-/fountain-pen-4.2.11.tgz",
            "integrity": "sha512-ymVGiOF/etr5k0UTbdPSh86pvDK5KSXipdgWhWiZ3zelegwZm95AX5TR3JHLHCg2adiI3Mmv+41cNpUht43Ekw==",
            "dependencies": {
                "pareto-runtime": "^0.19.1"
            }
        },
        "node_modules/fountain-pen/node_modules/pareto-runtime": {
            "version": "0.19.1",
            "resolved": "https://registry.npmjs.org/pareto-runtime/-/pareto-runtime-0.19.1.tgz",
            "integrity": "sha512-8uBuwCr/2sJrSef39s1NVOuX5NQen66YSlxgE8mL801a+rXIJxt/8e+PyWyxUHgTcAPTeIUcjTBufS/5fV4hoQ=="
        },
        "node_modules/generate-typesafe-ast": {
            "version": "0.7.1",
            "resolved": "https://registry.npmjs.org/generate-typesafe-ast/-/generate-typesafe-ast-0.7.1.tgz",
            "integrity": "sha512-3NEPhQA+iRguNJ0PumLJBsy0+7zeEvbK+q8NCCRFoU2dnSHrAibowYQtnfIcpTibtMrHqOGVhEfNxOJC4NrL9w==",
            "dependencies": {
                "fountain-pen": "^4.2.11",
                "pareto-runtime": "^0.22.0"
            }
        },
        "node_modules/generate-typesafe-ast/node_modules/pareto-runtime": {
            "version": "0.22.0",
            "resolved": "https://registry.npmjs.org/pareto-runtime/-/pareto-runtime-0.22.0.tgz",
            "integrity": "sha512-v4T0pCv+ARIKntB7ZjKqqXBmLDbMzhrMFP4XODpF7DkELWJina/DAr/UVuMYwnz32QN7O9AHunsCVnHOOcKfHQ=="
        },
        "node_modules/pareto-async-api": {
            "version": "0.4.0",
            "resolved": "https://registry.npmjs.org/pareto-async-api/-/pareto-async-api-0.4.0.tgz",
            "integrity": "sha512-9aT16RXITi7CZYwsFq+srHHZwEDuU7Glbyl1aJa4KpawAB6sRSZB4S8PJwbFGmFs1sQdb00OzHw7om9yHZtfmA=="
        },
        "node_modules/pareto-async-lib": {
            "version": "0.5.1",
            "resolved": "https://registry.npmjs.org/pareto-async-lib/-/pareto-async-lib-0.5.1.tgz",
            "integrity": "sha512-GHoLJlC15/p2Q7zht51v6DuyOTu4GprrouGpZuUF26UrWUiKIdJ7TGtX7XqwXxMpr3olVEVS98tQqWAAo7NH/g==",
            "dependencies": {
                "pareto-async-api": "^0.4.0",
                "pareto-lang-lib": "^0.7.0",
                "pareto-runtime": "^0.23.0"
            }
        },
        "node_modules/pareto-filesystem-api": {
            "version": "0.2.0",
            "resolved": "https://registry.npmjs.org/pareto-filesystem-api/-/pareto-filesystem-api-0.2.0.tgz",
            "integrity": "sha512-z1RCB/lTEKZgc72ujAafLd3Y726DbLZF0ePnWvRtQ1iIozyBuL7erRsplNt7CA/QERsmI4ZoJqaB1Sa5SLLI2w==",
            "dependencies": {
                "pareto-async-api": "^0.4.0"
            }
        },
        "node_modules/pareto-filesystem-lib": {
            "version": "0.14.0",
            "resolved": "https://registry.npmjs.org/pareto-filesystem-lib/-/pareto-filesystem-lib-0.14.0.tgz",
            "integrity": "sha512-fCBBAjgWM/LKwGPR/vHDhjWXXg43Lw77sw0j0kBSR65JijL71piAkz1IVlSVVprt05bauvQr71ISFv9TCPUzuQ==",
            "dependencies": {
                "pareto-async-api": "^0.4.0",
                "pareto-async-lib": "^0.5.1",
                "pareto-filesystem-api": "^0.2.0",
                "pareto-lang-lib": "^0.7.0",
                "pareto-runtime": "^0.23.0"
            }
        },
        "node_modules/pareto-lang-api": {
            "version": "0.5.1",
            "resolved": "https://registry.npmjs.org/pareto-lang-api/-/pareto-lang-api-0.5.1.tgz",
            "integrity": "sha512-rJ1Gm9sdQ4vjOzmmINVUHxtFTQy5kQaEuw3k0wH4oJgwccVcw7VwHqHlIK1i/ocB9LRCRm1DgRu7K7td0W37fw=="
        },
        "node_modules/pareto-lang-lib": {
            "version": "0.7.0",
            "resolved": "https://registry.npmjs.org/pareto-lang-lib/-/pareto-lang-lib-0.7.0.tgz",
            "integrity": "sha512-SobORsQLqGZ4nL7hQwHgv7V3zKjZGij1CKrwASKKJl7KkMLx9054T/aRLktt8JjiNP2fQWPvggZQN7YOa5a0lQ==",
            "dependencies": {
                "pareto-lang-api": "^0.5.0"
            }
        },
        "node_modules/pareto-runtime": {
            "version": "0.23.0",
            "resolved": "https://registry.npmjs.org/pareto-runtime/-/pareto-runtime-0.23.0.tgz",
            "integrity": "sha512-Vwv2hx5HhzKzy9kFBEc8D0hoVhsIT20LE1azCYKVnLhUA6NqDP6HvqdzWBxx1RgeedG9CDzb3wgBlCS1GMq5gw=="
        }
    },
    "dependencies": {
        "fountain-pen": {
            "version": "4.2.11",
            "resolved": "https://registry.npmjs.org/fountain-pen/-/fountain-pen-4.2.11.tgz",
            "integrity": "sha512-ymVGiOF/etr5k0UTbdPSh86pvDK5KSXipdgWhWiZ3zelegwZm95AX5TR3JHLHCg2adiI3Mmv+41cNpUht43Ekw==",
            "requires": {
                "pareto-runtime": "^0.19.1"
            },
            "dependencies": {
                "pareto-runtime": {
                    "version": "0.19.1",
                    "resolved": "https://registry.npmjs.org/pareto-runtime/-/pareto-runtime-0.19.1.tgz",
                    "integrity": "sha512-8uBuwCr/2sJrSef39s1NVOuX5NQen66YSlxgE8mL801a+rXIJxt/8e+PyWyxUHgTcAPTeIUcjTBufS/5fV4hoQ=="
                }
            }
        },
        "generate-typesafe-ast": {
            "version": "0.7.1",
            "resolved": "https://registry.npmjs.org/generate-typesafe-ast/-/generate-typesafe-ast-0.7.1.tgz",
            "integrity": "sha512-3NEPhQA+iRguNJ0PumLJBsy0+7zeEvbK+q8NCCRFoU2dnSHrAibowYQtnfIcpTibtMrHqOGVhEfNxOJC4NrL9w==",
            "requires": {
                "fountain-pen": "^4.2.11",
                "pareto-runtime": "^0.22.0"
            },
            "dependencies": {
                "pareto-runtime": {
                    "version": "0.22.0",
                    "resolved": "https://registry.npmjs.org/pareto-runtime/-/pareto-runtime-0.22.0.tgz",
                    "integrity": "sha512-v4T0pCv+ARIKntB7ZjKqqXBmLDbMzhrMFP4XODpF7DkELWJina/DAr/UVuMYwnz32QN7O9AHunsCVnHOOcKfHQ=="
                }
            }
        },
        "pareto-async-api": {
            "version": "0.4.0",
            "resolved": "https://registry.npmjs.org/pareto-async-api/-/pareto-async-api-0.4.0.tgz",
            "integrity": "sha512-9aT16RXITi7CZYwsFq+srHHZwEDuU7Glbyl1aJa4KpawAB6sRSZB4S8PJwbFGmFs1sQdb00OzHw7om9yHZtfmA=="
        },
        "pareto-async-lib": {
            "version": "0.5.1",
            "resolved": "https://registry.npmjs.org/pareto-async-lib/-/pareto-async-lib-0.5.1.tgz",
            "integrity": "sha512-GHoLJlC15/p2Q7zht51v6DuyOTu4GprrouGpZuUF26UrWUiKIdJ7TGtX7XqwXxMpr3olVEVS98tQqWAAo7NH/g==",
            "requires": {
                "pareto-async-api": "^0.4.0",
                "pareto-lang-lib": "^0.7.0",
                "pareto-runtime": "^0.23.0"
            }
        },
        "pareto-filesystem-api": {
            "version": "0.2.0",
            "resolved": "https://registry.npmjs.org/pareto-filesystem-api/-/pareto-filesystem-api-0.2.0.tgz",
            "integrity": "sha512-z1RCB/lTEKZgc72ujAafLd3Y726DbLZF0ePnWvRtQ1iIozyBuL7erRsplNt7CA/QERsmI4ZoJqaB1Sa5SLLI2w==",
            "requires": {
                "pareto-async-api": "^0.4.0"
            }
        },
        "pareto-filesystem-lib": {
            "version": "0.14.0",
            "resolved": "https://registry.npmjs.org/pareto-filesystem-lib/-/pareto-filesystem-lib-0.14.0.tgz",
            "integrity": "sha512-fCBBAjgWM/LKwGPR/vHDhjWXXg43Lw77sw0j0kBSR65JijL71piAkz1IVlSVVprt05bauvQr71ISFv9TCPUzuQ==",
            "requires": {
                "pareto-async-api": "^0.4.0",
                "pareto-async-lib": "^0.5.1",
                "pareto-filesystem-api": "^0.2.0",
                "pareto-lang-lib": "^0.7.0",
                "pareto-runtime": "^0.23.0"
            }
        },
        "pareto-lang-api": {
            "version": "0.5.1",
            "resolved": "https://registry.npmjs.org/pareto-lang-api/-/pareto-lang-api-0.5.1.tgz",
            "integrity": "sha512-rJ1Gm9sdQ4vjOzmmINVUHxtFTQy5kQaEuw3k0wH4oJgwccVcw7VwHqHlIK1i/ocB9LRCRm1DgRu7K7td0W37fw=="
        },
        "pareto-lang-lib": {
            "version": "0.7.0",
            "resolved": "https://registry.npmjs.org/pareto-lang-lib/-/pareto-lang-lib-0.7.0.tgz",
            "integrity": "sha512-SobORsQLqGZ4nL7hQwHgv7V3zKjZGij1CKrwASKKJl7KkMLx9054T/aRLktt8JjiNP2fQWPvggZQN7YOa5a0lQ==",
            "requires": {
                "pareto-lang-api": "^0.5.0"
            }
        },
        "pareto-runtime": {
            "version": "0.23.0",
            "resolved": "https://registry.npmjs.org/pareto-runtime/-/pareto-runtime-0.23.0.tgz",
            "integrity": "sha512-Vwv2hx5HhzKzy9kFBEc8D0hoVhsIT20LE1azCYKVnLhUA6NqDP6HvqdzWBxx1RgeedG9CDzb3wgBlCS1GMq5gw=="
        }
    }
}
